// !$*UTF8*$!
{
	archiveVersion = 1;
	classes = {
	};
	objectVersion = 50;
	objects = {

/* Begin PBXBuildFile section */
		23B1D42825E3EC61001E9570 /* AppDelegate.swift in Sources */ = {isa = PBXBuildFile; fileRef = 23B1D42725E3EC61001E9570 /* AppDelegate.swift */; };
		23B1D42C25E3EC61001E9570 /* ViewController.swift in Sources */ = {isa = PBXBuildFile; fileRef = 23B1D42B25E3EC61001E9570 /* ViewController.swift */; };
		23B1D42F25E3EC61001E9570 /* Main.storyboard in Resources */ = {isa = PBXBuildFile; fileRef = 23B1D42D25E3EC61001E9570 /* Main.storyboard */; };
		23B1D43225E3EC61001E9570 /* GithubClient.xcdatamodeld in Sources */ = {isa = PBXBuildFile; fileRef = 23B1D43025E3EC61001E9570 /* GithubClient.xcdatamodeld */; };
		23B1D43425E3EC62001E9570 /* Assets.xcassets in Resources */ = {isa = PBXBuildFile; fileRef = 23B1D43325E3EC62001E9570 /* Assets.xcassets */; };
		23B1D43725E3EC62001E9570 /* LaunchScreen.storyboard in Resources */ = {isa = PBXBuildFile; fileRef = 23B1D43525E3EC62001E9570 /* LaunchScreen.storyboard */; };
/* End PBXBuildFile section */

/* Begin PBXFileReference section */
		23B1D42425E3EC61001E9570 /* GithubClient.app */ = {isa = PBXFileReference; explicitFileType = wrapper.application; includeInIndex = 0; path = GithubClient.app; sourceTree = BUILT_PRODUCTS_DIR; };
		23B1D42725E3EC61001E9570 /* AppDelegate.swift */ = {isa = PBXFileReference; lastKnownFileType = sourcecode.swift; path = AppDelegate.swift; sourceTree = "<group>"; };
		23B1D42B25E3EC61001E9570 /* ViewController.swift */ = {isa = PBXFileReference; lastKnownFileType = sourcecode.swift; path = ViewController.swift; sourceTree = "<group>"; };
		23B1D42E25E3EC61001E9570 /* Base */ = {isa = PBXFileReference; lastKnownFileType = file.storyboard; name = Base; path = Base.lproj/Main.storyboard; sourceTree = "<group>"; };
		23B1D43125E3EC61001E9570 /* GithubClient.xcdatamodel */ = {isa = PBXFileReference; lastKnownFileType = wrapper.xcdatamodel; path = GithubClient.xcdatamodel; sourceTree = "<group>"; };
		23B1D43325E3EC62001E9570 /* Assets.xcassets */ = {isa = PBXFileReference; lastKnownFileType = folder.assetcatalog; path = Assets.xcassets; sourceTree = "<group>"; };
		23B1D43625E3EC62001E9570 /* Base */ = {isa = PBXFileReference; lastKnownFileType = file.storyboard; name = Base; path = Base.lproj/LaunchScreen.storyboard; sourceTree = "<group>"; };
		23B1D43825E3EC62001E9570 /* Info.plist */ = {isa = PBXFileReference; lastKnownFileType = text.plist.xml; path = Info.plist; sourceTree = "<group>"; };
/* End PBXFileReference section */

/* Begin PBXFrameworksBuildPhase section */
		23B1D42125E3EC61001E9570 /* Frameworks */ = {
			isa = PBXFrameworksBuildPhase;
			buildActionMask = 2147483647;
			files = (
			);
			runOnlyForDeploymentPostprocessing = 0;
		};
/* End PBXFrameworksBuildPhase section */

/* Begin PBXGroup section */
		23B1D41B25E3EC61001E9570 = {
			isa = PBXGroup;
			children = (
				23B1D42625E3EC61001E9570 /* GithubClient */,
				23B1D42525E3EC61001E9570 /* Products */,
			);
			sourceTree = "<group>";
		};
		23B1D42525E3EC61001E9570 /* Products */ = {
			isa = PBXGroup;
			children = (
				23B1D42425E3EC61001E9570 /* GithubClient.app */,
			);
			name = Products;
			sourceTree = "<group>";
		};
		23B1D42625E3EC61001E9570 /* GithubClient */ = {
			isa = PBXGroup;
			children = (
				23B1D42725E3EC61001E9570 /* AppDelegate.swift */,
				23B1D44A25E3F296001E9570 /* GitHubHelper */,
				23B1D44925E3F25B001E9570 /* Helpers */,
				23B1D44225E3F0E3001E9570 /* DataStorage */,
				23B1D44525E3F163001E9570 /* GitHub */,
				23B1D42B25E3EC61001E9570 /* ViewController.swift */,
				23B1D42D25E3EC61001E9570 /* Main.storyboard */,
				23B1D44425E3F0F9001E9570 /* SupportingFiles */,
				23B1D43825E3EC62001E9570 /* Info.plist */,
			);
			path = GithubClient;
			sourceTree = "<group>";
		};
		23B1D44225E3F0E3001E9570 /* DataStorage */ = {
			isa = PBXGroup;
			children = (
				23B1D44325E3F0EE001E9570 /* Model */,
			);
			path = DataStorage;
			sourceTree = "<group>";
		};
		23B1D44325E3F0EE001E9570 /* Model */ = {
			isa = PBXGroup;
			children = (
				23B1D43025E3EC61001E9570 /* GithubClient.xcdatamodeld */,
			);
			path = Model;
			sourceTree = "<group>";
		};
		23B1D44425E3F0F9001E9570 /* SupportingFiles */ = {
			isa = PBXGroup;
			children = (
				23B1D43525E3EC62001E9570 /* LaunchScreen.storyboard */,
				23B1D43325E3EC62001E9570 /* Assets.xcassets */,
			);
			path = SupportingFiles;
			sourceTree = "<group>";
		};
		23B1D44525E3F163001E9570 /* GitHub */ = {
			isa = PBXGroup;
			children = (
				23B1D44725E3F179001E9570 /* Root */,
				23B1D44625E3F174001E9570 /* UI */,
				23B1D44825E3F181001E9570 /* Core */,
			);
			path = GitHub;
			sourceTree = "<group>";
		};
		23B1D44625E3F174001E9570 /* UI */ = {
			isa = PBXGroup;
			children = (
			);
			path = UI;
			sourceTree = "<group>";
		};
		23B1D44725E3F179001E9570 /* Root */ = {
			isa = PBXGroup;
			children = (
			);
			path = Root;
			sourceTree = "<group>";
		};
		23B1D44825E3F181001E9570 /* Core */ = {
			isa = PBXGroup;
			children = (
			);
			path = Core;
			sourceTree = "<group>";
		};
		23B1D44925E3F25B001E9570 /* Helpers */ = {
			isa = PBXGroup;
			children = (
			);
			name = Helpers;
			sourceTree = "<group>";
		};
		23B1D44A25E3F296001E9570 /* GitHubHelper */ = {
			isa = PBXGroup;
			children = (
			);
			path = GitHubHelper;
			sourceTree = "<group>";
		};
/* End PBXGroup section */

/* Begin PBXNativeTarget section */
		23B1D42325E3EC61001E9570 /* GithubClient */ = {
			isa = PBXNativeTarget;
			buildConfigurationList = 23B1D43B25E3EC62001E9570 /* Build configuration list for PBXNativeTarget "GithubClient" */;
			buildPhases = (
				23B1D42025E3EC61001E9570 /* Sources */,
				23B1D42125E3EC61001E9570 /* Frameworks */,
				23B1D42225E3EC61001E9570 /* Resources */,
			);
			buildRules = (
			);
			dependencies = (
			);
			name = GithubClient;
			productName = GithubClient;
			productReference = 23B1D42425E3EC61001E9570 /* GithubClient.app */;
			productType = "com.apple.product-type.application";
		};
/* End PBXNativeTarget section */

/* Begin PBXProject section */
		23B1D41C25E3EC61001E9570 /* Project object */ = {
			isa = PBXProject;
			attributes = {
				LastSwiftUpdateCheck = 1230;
				LastUpgradeCheck = 1230;
				TargetAttributes = {
					23B1D42325E3EC61001E9570 = {
						CreatedOnToolsVersion = 12.3;
					};
				};
			};
			buildConfigurationList = 23B1D41F25E3EC61001E9570 /* Build configuration list for PBXProject "GithubClient" */;
			compatibilityVersion = "Xcode 9.3";
			developmentRegion = en;
			hasScannedForEncodings = 0;
			knownRegions = (
				en,
				Base,
			);
			mainGroup = 23B1D41B25E3EC61001E9570;
			productRefGroup = 23B1D42525E3EC61001E9570 /* Products */;
			projectDirPath = "";
			projectRoot = "";
			targets = (
				23B1D42325E3EC61001E9570 /* GithubClient */,
			);
		};
/* End PBXProject section */

/* Begin PBXResourcesBuildPhase section */
		23B1D42225E3EC61001E9570 /* Resources */ = {
			isa = PBXResourcesBuildPhase;
			buildActionMask = 2147483647;
			files = (
				23B1D43725E3EC62001E9570 /* LaunchScreen.storyboard in Resources */,
				23B1D43425E3EC62001E9570 /* Assets.xcassets in Resources */,
				23B1D42F25E3EC61001E9570 /* Main.storyboard in Resources */,
			);
			runOnlyForDeploymentPostprocessing = 0;
		};
/* End PBXResourcesBuildPhase section */

/* Begin PBXSourcesBuildPhase section */
		23B1D42025E3EC61001E9570 /* Sources */ = {
			isa = PBXSourcesBuildPhase;
			buildActionMask = 2147483647;
			files = (
				23B1D42C25E3EC61001E9570 /* ViewController.swift in Sources */,
				23B1D42825E3EC61001E9570 /* AppDelegate.swift in Sources */,
				23B1D43225E3EC61001E9570 /* GithubClient.xcdatamodeld in Sources */,
			);
			runOnlyForDeploymentPostprocessing = 0;
		};
/* End PBXSourcesBuildPhase section */

/* Begin PBXVariantGroup section */
		23B1D42D25E3EC61001E9570 /* Main.storyboard */ = {
			isa = PBXVariantGroup;
			children = (
				23B1D42E25E3EC61001E9570 /* Base */,
			);
			name = Main.storyboard;
			sourceTree = "<group>";
		};
		23B1D43525E3EC62001E9570 /* LaunchScreen.storyboard */ = {
			isa = PBXVariantGroup;
			children = (
				23B1D43625E3EC62001E9570 /* Base */,
			);
			name = LaunchScreen.storyboard;
			sourceTree = "<group>";
		};
/* End PBXVariantGroup section */

/* Begin XCBuildConfiguration section */
		23B1D43925E3EC62001E9570 /* Debug */ = {
			isa = XCBuildConfiguration;
			buildSettings = {
				ALWAYS_SEARCH_USER_PATHS = NO;
				CLANG_ANALYZER_NONNULL = YES;
				CLANG_ANALYZER_NUMBER_OBJECT_CONVERSION = YES_AGGRESSIVE;
				CLANG_CXX_LANGUAGE_STANDARD = "gnu++14";
				CLANG_CXX_LIBRARY = "libc++";
				CLANG_ENABLE_MODULES = YES;
				CLANG_ENABLE_OBJC_ARC = YES;
				CLANG_ENABLE_OBJC_WEAK = YES;
				CLANG_WARN_BLOCK_CAPTURE_AUTORELEASING = YES;
				CLANG_WARN_BOOL_CONVERSION = YES;
				CLANG_WARN_COMMA = YES;
				CLANG_WARN_CONSTANT_CONVERSION = YES;
				CLANG_WARN_DEPRECATED_OBJC_IMPLEMENTATIONS = YES;
				CLANG_WARN_DIRECT_OBJC_ISA_USAGE = YES_ERROR;
				CLANG_WARN_DOCUMENTATION_COMMENTS = YES;
				CLANG_WARN_EMPTY_BODY = YES;
				CLANG_WARN_ENUM_CONVERSION = YES;
				CLANG_WARN_INFINITE_RECURSION = YES;
				CLANG_WARN_INT_CONVERSION = YES;
				CLANG_WARN_NON_LITERAL_NULL_CONVERSION = YES;
				CLANG_WARN_OBJC_IMPLICIT_RETAIN_SELF = YES;
				CLANG_WARN_OBJC_LITERAL_CONVERSION = YES;
				CLANG_WARN_OBJC_ROOT_CLASS = YES_ERROR;
				CLANG_WARN_QUOTED_INCLUDE_IN_FRAMEWORK_HEADER = YES;
				CLANG_WARN_RANGE_LOOP_ANALYSIS = YES;
				CLANG_WARN_STRICT_PROTOTYPES = YES;
				CLANG_WARN_SUSPICIOUS_MOVE = YES;
				CLANG_WARN_UNGUARDED_AVAILABILITY = YES_AGGRESSIVE;
				CLANG_WARN_UNREACHABLE_CODE = YES;
				CLANG_WARN__DUPLICATE_METHOD_MATCH = YES;
				COPY_PHASE_STRIP = NO;
				DEBUG_INFORMATION_FORMAT = dwarf;
				ENABLE_STRICT_OBJC_MSGSEND = YES;
				ENABLE_TESTABILITY = YES;
				GCC_C_LANGUAGE_STANDARD = gnu11;
				GCC_DYNAMIC_NO_PIC = NO;
				GCC_NO_COMMON_BLOCKS = YES;
				GCC_OPTIMIZATION_LEVEL = 0;
				GCC_PREPROCESSOR_DEFINITIONS = (
					"DEBUG=1",
					"$(inherited)",
				);
				GCC_WARN_64_TO_32_BIT_CONVERSION = YES;
				GCC_WARN_ABOUT_RETURN_TYPE = YES_ERROR;
				GCC_WARN_UNDECLARED_SELECTOR = YES;
				GCC_WARN_UNINITIALIZED_AUTOS = YES_AGGRESSIVE;
				GCC_WARN_UNUSED_FUNCTION = YES;
				GCC_WARN_UNUSED_VARIABLE = YES;
				IPHONEOS_DEPLOYMENT_TARGET = 14.3;
				MTL_ENABLE_DEBUG_INFO = INCLUDE_SOURCE;
				MTL_FAST_MATH = YES;
				ONLY_ACTIVE_ARCH = YES;
				SDKROOT = iphoneos;
				SWIFT_ACTIVE_COMPILATION_CONDITIONS = DEBUG;
				SWIFT_OPTIMIZATION_LEVEL = "-Onone";
			};
			name = Debug;
		};
		23B1D43A25E3EC62001E9570 /* Release */ = {
			isa = XCBuildConfiguration;
			buildSettings = {
				ALWAYS_SEARCH_USER_PATHS = NO;
				CLANG_ANALYZER_NONNULL = YES;
				CLANG_ANALYZER_NUMBER_OBJECT_CONVERSION = YES_AGGRESSIVE;
				CLANG_CXX_LANGUAGE_STANDARD = "gnu++14";
				CLANG_CXX_LIBRARY = "libc++";
				CLANG_ENABLE_MODULES = YES;
				CLANG_ENABLE_OBJC_ARC = YES;
				CLANG_ENABLE_OBJC_WEAK = YES;
				CLANG_WARN_BLOCK_CAPTURE_AUTORELEASING = YES;
				CLANG_WARN_BOOL_CONVERSION = YES;
				CLANG_WARN_COMMA = YES;
				CLANG_WARN_CONSTANT_CONVERSION = YES;
				CLANG_WARN_DEPRECATED_OBJC_IMPLEMENTATIONS = YES;
				CLANG_WARN_DIRECT_OBJC_ISA_USAGE = YES_ERROR;
				CLANG_WARN_DOCUMENTATION_COMMENTS = YES;
				CLANG_WARN_EMPTY_BODY = YES;
				CLANG_WARN_ENUM_CONVERSION = YES;
				CLANG_WARN_INFINITE_RECURSION = YES;
				CLANG_WARN_INT_CONVERSION = YES;
				CLANG_WARN_NON_LITERAL_NULL_CONVERSION = YES;
				CLANG_WARN_OBJC_IMPLICIT_RETAIN_SELF = YES;
				CLANG_WARN_OBJC_LITERAL_CONVERSION = YES;
				CLANG_WARN_OBJC_ROOT_CLASS = YES_ERROR;
				CLANG_WARN_QUOTED_INCLUDE_IN_FRAMEWORK_HEADER = YES;
				CLANG_WARN_RANGE_LOOP_ANALYSIS = YES;
				CLANG_WARN_STRICT_PROTOTYPES = YES;
				CLANG_WARN_SUSPICIOUS_MOVE = YES;
				CLANG_WARN_UNGUARDED_AVAILABILITY = YES_AGGRESSIVE;
				CLANG_WARN_UNREACHABLE_CODE = YES;
				CLANG_WARN__DUPLICATE_METHOD_MATCH = YES;
				COPY_PHASE_STRIP = NO;
				DEBUG_INFORMATION_FORMAT = "dwarf-with-dsym";
				ENABLE_NS_ASSERTIONS = NO;
				ENABLE_STRICT_OBJC_MSGSEND = YES;
				GCC_C_LANGUAGE_STANDARD = gnu11;
				GCC_NO_COMMON_BLOCKS = YES;
				GCC_WARN_64_TO_32_BIT_CONVERSION = YES;
				GCC_WARN_ABOUT_RETURN_TYPE = YES_ERROR;
				GCC_WARN_UNDECLARED_SELECTOR = YES;
				GCC_WARN_UNINITIALIZED_AUTOS = YES_AGGRESSIVE;
				GCC_WARN_UNUSED_FUNCTION = YES;
				GCC_WARN_UNUSED_VARIABLE = YES;
				IPHONEOS_DEPLOYMENT_TARGET = 14.3;
				MTL_ENABLE_DEBUG_INFO = NO;
				MTL_FAST_MATH = YES;
				SDKROOT = iphoneos;
				SWIFT_COMPILATION_MODE = wholemodule;
				SWIFT_OPTIMIZATION_LEVEL = "-O";
				VALIDATE_PRODUCT = YES;
			};
			name = Release;
		};
		23B1D43C25E3EC62001E9570 /* Debug */ = {
			isa = XCBuildConfiguration;
			buildSettings = {
				ASSETCATALOG_COMPILER_APPICON_NAME = AppIcon;
				ASSETCATALOG_COMPILER_GLOBAL_ACCENT_COLOR_NAME = AccentColor;
				CODE_SIGN_STYLE = Automatic;
				DEVELOPMENT_TEAM = 65CGDLNXGP;
				INFOPLIST_FILE = GithubClient/Info.plist;
				LD_RUNPATH_SEARCH_PATHS = (
					"$(inherited)",
					"@executable_path/Frameworks",
				);
				PRODUCT_BUNDLE_IDENTIFIER = com.vironit.boltromyuk.GithubClient;
				PRODUCT_NAME = "$(TARGET_NAME)";
				SWIFT_VERSION = 5.0;
				TARGETED_DEVICE_FAMILY = "1,2";
			};
			name = Debug;
		};
		23B1D43D25E3EC62001E9570 /* Release */ = {
			isa = XCBuildConfiguration;
			buildSettings = {
				ASSETCATALOG_COMPILER_APPICON_NAME = AppIcon;
				ASSETCATALOG_COMPILER_GLOBAL_ACCENT_COLOR_NAME = AccentColor;
				CODE_SIGN_STYLE = Automatic;
				DEVELOPMENT_TEAM = 65CGDLNXGP;
				INFOPLIST_FILE = GithubClient/Info.plist;
				LD_RUNPATH_SEARCH_PATHS = (
					"$(inherited)",
					"@executable_path/Frameworks",
				);
				PRODUCT_BUNDLE_IDENTIFIER = com.vironit.boltromyuk.GithubClient;
				PRODUCT_NAME = "$(TARGET_NAME)";
				SWIFT_VERSION = 5.0;
				TARGETED_DEVICE_FAMILY = "1,2";
			};
			name = Release;
		};
/* End XCBuildConfiguration section */

/* Begin XCConfigurationList section */
		23B1D41F25E3EC61001E9570 /* Build configuration list for PBXProject "GithubClient" */ = {
			isa = XCConfigurationList;
			buildConfigurations = (
				23B1D43925E3EC62001E9570 /* Debug */,
				23B1D43A25E3EC62001E9570 /* Release */,
			);
			defaultConfigurationIsVisible = 0;
			defaultConfigurationName = Release;
		};
		23B1D43B25E3EC62001E9570 /* Build configuration list for PBXNativeTarget "GithubClient" */ = {
			isa = XCConfigurationList;
			buildConfigurations = (
				23B1D43C25E3EC62001E9570 /* Debug */,
				23B1D43D25E3EC62001E9570 /* Release */,
			);
			defaultConfigurationIsVisible = 0;
			defaultConfigurationName = Release;
		};
/* End XCConfigurationList section */

/* Begin XCVersionGroup section */
		23B1D43025E3EC61001E9570 /* GithubClient.xcdatamodeld */ = {
			isa = XCVersionGroup;
			children = (
				23B1D43125E3EC61001E9570 /* GithubClient.xcdatamodel */,
			);
			currentVersion = 23B1D43125E3EC61001E9570 /* GithubClient.xcdatamodel */;
			path = GithubClient.xcdatamodeld;
			sourceTree = "<group>";
			versionGroupType = wrapper.xcdatamodel;
		};
/* End XCVersionGroup section */
	};
	rootObject = 23B1D41C25E3EC61001E9570 /* Project object */;
}
